// !$*UTF8*$!
{
	archiveVersion = 1;
	classes = {
	};
	objectVersion = 55;
	objects = {

/* Begin PBXBuildFile section */
		D9FFFA64270E5DB9002CBDA4 /* AppDelegate.swift in Sources */ = {isa = PBXBuildFile; fileRef = D9FFFA63270E5DB9002CBDA4 /* AppDelegate.swift */; };
		D9FFFA66270E5DB9002CBDA4 /* SceneDelegate.swift in Sources */ = {isa = PBXBuildFile; fileRef = D9FFFA65270E5DB9002CBDA4 /* SceneDelegate.swift */; };
		D9FFFA68270E5DB9002CBDA4 /* ViewController.swift in Sources */ = {isa = PBXBuildFile; fileRef = D9FFFA67270E5DB9002CBDA4 /* ViewController.swift */; };
		D9FFFA6B270E5DB9002CBDA4 /* Main.storyboard in Resources */ = {isa = PBXBuildFile; fileRef = D9FFFA69270E5DB9002CBDA4 /* Main.storyboard */; };
		D9FFFA6D270E5DBD002CBDA4 /* Assets.xcassets in Resources */ = {isa = PBXBuildFile; fileRef = D9FFFA6C270E5DBD002CBDA4 /* Assets.xcassets */; };
		D9FFFA70270E5DBD002CBDA4 /* LaunchScreen.storyboard in Resources */ = {isa = PBXBuildFile; fileRef = D9FFFA6E270E5DBD002CBDA4 /* LaunchScreen.storyboard */; };
		D9FFFA7B270E5DBE002CBDA4 /* InstagramTests.swift in Sources */ = {isa = PBXBuildFile; fileRef = D9FFFA7A270E5DBE002CBDA4 /* InstagramTests.swift */; };
		D9FFFA85270E5DBE002CBDA4 /* InstagramUITests.swift in Sources */ = {isa = PBXBuildFile; fileRef = D9FFFA84270E5DBE002CBDA4 /* InstagramUITests.swift */; };
		D9FFFA87270E5DBE002CBDA4 /* InstagramUITestsLaunchTests.swift in Sources */ = {isa = PBXBuildFile; fileRef = D9FFFA86270E5DBE002CBDA4 /* InstagramUITestsLaunchTests.swift */; };
/* End PBXBuildFile section */

/* Begin PBXContainerItemProxy section */
		D9FFFA77270E5DBD002CBDA4 /* PBXContainerItemProxy */ = {
			isa = PBXContainerItemProxy;
			containerPortal = D9FFFA58270E5DB9002CBDA4 /* Project object */;
			proxyType = 1;
			remoteGlobalIDString = D9FFFA5F270E5DB9002CBDA4;
			remoteInfo = Instagram;
		};
		D9FFFA81270E5DBE002CBDA4 /* PBXContainerItemProxy */ = {
			isa = PBXContainerItemProxy;
			containerPortal = D9FFFA58270E5DB9002CBDA4 /* Project object */;
			proxyType = 1;
			remoteGlobalIDString = D9FFFA5F270E5DB9002CBDA4;
			remoteInfo = Instagram;
		};
/* End PBXContainerItemProxy section */

/* Begin PBXFileReference section */
		D9FFFA60270E5DB9002CBDA4 /* Instagram.app */ = {isa = PBXFileReference; explicitFileType = wrapper.application; includeInIndex = 0; path = Instagram.app; sourceTree = BUILT_PRODUCTS_DIR; };
		D9FFFA63270E5DB9002CBDA4 /* AppDelegate.swift */ = {isa = PBXFileReference; lastKnownFileType = sourcecode.swift; path = AppDelegate.swift; sourceTree = "<group>"; };
		D9FFFA65270E5DB9002CBDA4 /* SceneDelegate.swift */ = {isa = PBXFileReference; lastKnownFileType = sourcecode.swift; path = SceneDelegate.swift; sourceTree = "<group>"; };
		D9FFFA67270E5DB9002CBDA4 /* ViewController.swift */ = {isa = PBXFileReference; lastKnownFileType = sourcecode.swift; path = ViewController.swift; sourceTree = "<group>"; };
		D9FFFA6A270E5DB9002CBDA4 /* Base */ = {isa = PBXFileReference; lastKnownFileType = file.storyboard; name = Base; path = Base.lproj/Main.storyboard; sourceTree = "<group>"; };
		D9FFFA6C270E5DBD002CBDA4 /* Assets.xcassets */ = {isa = PBXFileReference; lastKnownFileType = folder.assetcatalog; path = Assets.xcassets; sourceTree = "<group>"; };
		D9FFFA6F270E5DBD002CBDA4 /* Base */ = {isa = PBXFileReference; lastKnownFileType = file.storyboard; name = Base; path = Base.lproj/LaunchScreen.storyboard; sourceTree = "<group>"; };
		D9FFFA71270E5DBD002CBDA4 /* Info.plist */ = {isa = PBXFileReference; lastKnownFileType = text.plist.xml; path = Info.plist; sourceTree = "<group>"; };
		D9FFFA76270E5DBD002CBDA4 /* InstagramTests.xctest */ = {isa = PBXFileReference; explicitFileType = wrapper.cfbundle; includeInIndex = 0; path = InstagramTests.xctest; sourceTree = BUILT_PRODUCTS_DIR; };
		D9FFFA7A270E5DBE002CBDA4 /* InstagramTests.swift */ = {isa = PBXFileReference; lastKnownFileType = sourcecode.swift; path = InstagramTests.swift; sourceTree = "<group>"; };
		D9FFFA80270E5DBE002CBDA4 /* InstagramUITests.xctest */ = {isa = PBXFileReference; explicitFileType = wrapper.cfbundle; includeInIndex = 0; path = InstagramUITests.xctest; sourceTree = BUILT_PRODUCTS_DIR; };
		D9FFFA84270E5DBE002CBDA4 /* InstagramUITests.swift */ = {isa = PBXFileReference; lastKnownFileType = sourcecode.swift; path = InstagramUITests.swift; sourceTree = "<group>"; };
		D9FFFA86270E5DBE002CBDA4 /* InstagramUITestsLaunchTests.swift */ = {isa = PBXFileReference; lastKnownFileType = sourcecode.swift; path = InstagramUITestsLaunchTests.swift; sourceTree = "<group>"; };
/* End PBXFileReference section */

/* Begin PBXFrameworksBuildPhase section */
		D9FFFA5D270E5DB9002CBDA4 /* Frameworks */ = {
			isa = PBXFrameworksBuildPhase;
			buildActionMask = 2147483647;
			files = (
			);
			runOnlyForDeploymentPostprocessing = 0;
		};
		D9FFFA73270E5DBD002CBDA4 /* Frameworks */ = {
			isa = PBXFrameworksBuildPhase;
			buildActionMask = 2147483647;
			files = (
			);
			runOnlyForDeploymentPostprocessing = 0;
		};
		D9FFFA7D270E5DBE002CBDA4 /* Frameworks */ = {
			isa = PBXFrameworksBuildPhase;
			buildActionMask = 2147483647;
			files = (
			);
			runOnlyForDeploymentPostprocessing = 0;
		};
/* End PBXFrameworksBuildPhase section */

/* Begin PBXGroup section */
		D9FFFA57270E5DB9002CBDA4 = {
			isa = PBXGroup;
			children = (
				D9FFFA62270E5DB9002CBDA4 /* Instagram */,
				D9FFFA79270E5DBE002CBDA4 /* InstagramTests */,
				D9FFFA83270E5DBE002CBDA4 /* InstagramUITests */,
				D9FFFA61270E5DB9002CBDA4 /* Products */,
			);
			sourceTree = "<group>";
		};
		D9FFFA61270E5DB9002CBDA4 /* Products */ = {
			isa = PBXGroup;
			children = (
				D9FFFA60270E5DB9002CBDA4 /* Instagram.app */,
				D9FFFA76270E5DBD002CBDA4 /* InstagramTests.xctest */,
				D9FFFA80270E5DBE002CBDA4 /* InstagramUITests.xctest */,
			);
			name = Products;
			sourceTree = "<group>";
		};
		D9FFFA62270E5DB9002CBDA4 /* Instagram */ = {
			isa = PBXGroup;
			children = (
				D9FFFA63270E5DB9002CBDA4 /* AppDelegate.swift */,
				D9FFFA65270E5DB9002CBDA4 /* SceneDelegate.swift */,
				D9FFFA67270E5DB9002CBDA4 /* ViewController.swift */,
				D9FFFA69270E5DB9002CBDA4 /* Main.storyboard */,
				D9FFFA6C270E5DBD002CBDA4 /* Assets.xcassets */,
				D9FFFA6E270E5DBD002CBDA4 /* LaunchScreen.storyboard */,
				D9FFFA71270E5DBD002CBDA4 /* Info.plist */,
			);
			path = Instagram;
			sourceTree = "<group>";
		};
		D9FFFA79270E5DBE002CBDA4 /* InstagramTests */ = {
			isa = PBXGroup;
			children = (
				D9FFFA7A270E5DBE002CBDA4 /* InstagramTests.swift */,
			);
			path = InstagramTests;
			sourceTree = "<group>";
		};
		D9FFFA83270E5DBE002CBDA4 /* InstagramUITests */ = {
			isa = PBXGroup;
			children = (
				D9FFFA84270E5DBE002CBDA4 /* InstagramUITests.swift */,
				D9FFFA86270E5DBE002CBDA4 /* InstagramUITestsLaunchTests.swift */,
			);
			path = InstagramUITests;
			sourceTree = "<group>";
		};
/* End PBXGroup section */

/* Begin PBXNativeTarget section */
		D9FFFA5F270E5DB9002CBDA4 /* Instagram */ = {
			isa = PBXNativeTarget;
			buildConfigurationList = D9FFFA8A270E5DBE002CBDA4 /* Build configuration list for PBXNativeTarget "Instagram" */;
			buildPhases = (
				D9FFFA5C270E5DB9002CBDA4 /* Sources */,
				D9FFFA5D270E5DB9002CBDA4 /* Frameworks */,
				D9FFFA5E270E5DB9002CBDA4 /* Resources */,
			);
			buildRules = (
			);
			dependencies = (
			);
			name = Instagram;
			productName = Instagram;
			productReference = D9FFFA60270E5DB9002CBDA4 /* Instagram.app */;
			productType = "com.apple.product-type.application";
		};
		D9FFFA75270E5DBD002CBDA4 /* InstagramTests */ = {
			isa = PBXNativeTarget;
			buildConfigurationList = D9FFFA8D270E5DBE002CBDA4 /* Build configuration list for PBXNativeTarget "InstagramTests" */;
			buildPhases = (
				D9FFFA72270E5DBD002CBDA4 /* Sources */,
				D9FFFA73270E5DBD002CBDA4 /* Frameworks */,
				D9FFFA74270E5DBD002CBDA4 /* Resources */,
			);
			buildRules = (
			);
			dependencies = (
				D9FFFA78270E5DBD002CBDA4 /* PBXTargetDependency */,
			);
			name = InstagramTests;
			productName = InstagramTests;
			productReference = D9FFFA76270E5DBD002CBDA4 /* InstagramTests.xctest */;
			productType = "com.apple.product-type.bundle.unit-test";
		};
		D9FFFA7F270E5DBE002CBDA4 /* InstagramUITests */ = {
			isa = PBXNativeTarget;
			buildConfigurationList = D9FFFA90270E5DBE002CBDA4 /* Build configuration list for PBXNativeTarget "InstagramUITests" */;
			buildPhases = (
				D9FFFA7C270E5DBE002CBDA4 /* Sources */,
				D9FFFA7D270E5DBE002CBDA4 /* Frameworks */,
				D9FFFA7E270E5DBE002CBDA4 /* Resources */,
			);
			buildRules = (
			);
			dependencies = (
				D9FFFA82270E5DBE002CBDA4 /* PBXTargetDependency */,
			);
			name = InstagramUITests;
			productName = InstagramUITests;
			productReference = D9FFFA80270E5DBE002CBDA4 /* InstagramUITests.xctest */;
			productType = "com.apple.product-type.bundle.ui-testing";
		};
/* End PBXNativeTarget section */

/* Begin PBXProject section */
		D9FFFA58270E5DB9002CBDA4 /* Project object */ = {
			isa = PBXProject;
			attributes = {
				BuildIndependentTargetsInParallel = 1;
				LastSwiftUpdateCheck = 1300;
				LastUpgradeCheck = 1300;
				TargetAttributes = {
					D9FFFA5F270E5DB9002CBDA4 = {
						CreatedOnToolsVersion = 13.0;
					};
					D9FFFA75270E5DBD002CBDA4 = {
						CreatedOnToolsVersion = 13.0;
						TestTargetID = D9FFFA5F270E5DB9002CBDA4;
					};
					D9FFFA7F270E5DBE002CBDA4 = {
						CreatedOnToolsVersion = 13.0;
						TestTargetID = D9FFFA5F270E5DB9002CBDA4;
					};
				};
			};
			buildConfigurationList = D9FFFA5B270E5DB9002CBDA4 /* Build configuration list for PBXProject "Instagram" */;
			compatibilityVersion = "Xcode 13.0";
			developmentRegion = en;
			hasScannedForEncodings = 0;
			knownRegions = (
				en,
				Base,
			);
			mainGroup = D9FFFA57270E5DB9002CBDA4;
			productRefGroup = D9FFFA61270E5DB9002CBDA4 /* Products */;
			projectDirPath = "";
			projectRoot = "";
			targets = (
				D9FFFA5F270E5DB9002CBDA4 /* Instagram */,
				D9FFFA75270E5DBD002CBDA4 /* InstagramTests */,
				D9FFFA7F270E5DBE002CBDA4 /* InstagramUITests */,
			);
		};
/* End PBXProject section */

/* Begin PBXResourcesBuildPhase section */
		D9FFFA5E270E5DB9002CBDA4 /* Resources */ = {
			isa = PBXResourcesBuildPhase;
			buildActionMask = 2147483647;
			files = (
				D9FFFA70270E5DBD002CBDA4 /* LaunchScreen.storyboard in Resources */,
				D9FFFA6D270E5DBD002CBDA4 /* Assets.xcassets in Resources */,
				D9FFFA6B270E5DB9002CBDA4 /* Main.storyboard in Resources */,
			);
			runOnlyForDeploymentPostprocessing = 0;
		};
		D9FFFA74270E5DBD002CBDA4 /* Resources */ = {
			isa = PBXResourcesBuildPhase;
			buildActionMask = 2147483647;
			files = (
			);
			runOnlyForDeploymentPostprocessing = 0;
		};
		D9FFFA7E270E5DBE002CBDA4 /* Resources */ = {
			isa = PBXResourcesBuildPhase;
			buildActionMask = 2147483647;
			files = (
			);
			runOnlyForDeploymentPostprocessing = 0;
		};
/* End PBXResourcesBuildPhase section */

/* Begin PBXSourcesBuildPhase section */
		D9FFFA5C270E5DB9002CBDA4 /* Sources */ = {
			isa = PBXSourcesBuildPhase;
			buildActionMask = 2147483647;
			files = (
				D9FFFA68270E5DB9002CBDA4 /* ViewController.swift in Sources */,
				D9FFFA64270E5DB9002CBDA4 /* AppDelegate.swift in Sources */,
				D9FFFA66270E5DB9002CBDA4 /* SceneDelegate.swift in Sources */,
			);
			runOnlyForDeploymentPostprocessing = 0;
		};
		D9FFFA72270E5DBD002CBDA4 /* Sources */ = {
			isa = PBXSourcesBuildPhase;
			buildActionMask = 2147483647;
			files = (
				D9FFFA7B270E5DBE002CBDA4 /* InstagramTests.swift in Sources */,
			);
			runOnlyForDeploymentPostprocessing = 0;
		};
		D9FFFA7C270E5DBE002CBDA4 /* Sources */ = {
			isa = PBXSourcesBuildPhase;
			buildActionMask = 2147483647;
			files = (
				D9FFFA85270E5DBE002CBDA4 /* InstagramUITests.swift in Sources */,
				D9FFFA87270E5DBE002CBDA4 /* InstagramUITestsLaunchTests.swift in Sources */,
			);
			runOnlyForDeploymentPostprocessing = 0;
		};
/* End PBXSourcesBuildPhase section */

/* Begin PBXTargetDependency section */
		D9FFFA78270E5DBD002CBDA4 /* PBXTargetDependency */ = {
			isa = PBXTargetDependency;
			target = D9FFFA5F270E5DB9002CBDA4 /* Instagram */;
			targetProxy = D9FFFA77270E5DBD002CBDA4 /* PBXContainerItemProxy */;
		};
		D9FFFA82270E5DBE002CBDA4 /* PBXTargetDependency */ = {
			isa = PBXTargetDependency;
			target = D9FFFA5F270E5DB9002CBDA4 /* Instagram */;
			targetProxy = D9FFFA81270E5DBE002CBDA4 /* PBXContainerItemProxy */;
		};
/* End PBXTargetDependency section */

/* Begin PBXVariantGroup section */
		D9FFFA69270E5DB9002CBDA4 /* Main.storyboard */ = {
			isa = PBXVariantGroup;
			children = (
				D9FFFA6A270E5DB9002CBDA4 /* Base */,
			);
			name = Main.storyboard;
			sourceTree = "<group>";
		};
		D9FFFA6E270E5DBD002CBDA4 /* LaunchScreen.storyboard */ = {
			isa = PBXVariantGroup;
			children = (
				D9FFFA6F270E5DBD002CBDA4 /* Base */,
			);
			name = LaunchScreen.storyboard;
			sourceTree = "<group>";
		};
/* End PBXVariantGroup section */

/* Begin XCBuildConfiguration section */
		D9FFFA88270E5DBE002CBDA4 /* Debug */ = {
			isa = XCBuildConfiguration;
			buildSettings = {
				ALWAYS_SEARCH_USER_PATHS = NO;
				CLANG_ANALYZER_NONNULL = YES;
				CLANG_ANALYZER_NUMBER_OBJECT_CONVERSION = YES_AGGRESSIVE;
				CLANG_CXX_LANGUAGE_STANDARD = "gnu++17";
				CLANG_CXX_LIBRARY = "libc++";
				CLANG_ENABLE_MODULES = YES;
				CLANG_ENABLE_OBJC_ARC = YES;
				CLANG_ENABLE_OBJC_WEAK = YES;
				CLANG_WARN_BLOCK_CAPTURE_AUTORELEASING = YES;
				CLANG_WARN_BOOL_CONVERSION = YES;
				CLANG_WARN_COMMA = YES;
				CLANG_WARN_CONSTANT_CONVERSION = YES;
				CLANG_WARN_DEPRECATED_OBJC_IMPLEMENTATIONS = YES;
				CLANG_WARN_DIRECT_OBJC_ISA_USAGE = YES_ERROR;
				CLANG_WARN_DOCUMENTATION_COMMENTS = YES;
				CLANG_WARN_EMPTY_BODY = YES;
				CLANG_WARN_ENUM_CONVERSION = YES;
				CLANG_WARN_INFINITE_RECURSION = YES;
				CLANG_WARN_INT_CONVERSION = YES;
				CLANG_WARN_NON_LITERAL_NULL_CONVERSION = YES;
				CLANG_WARN_OBJC_IMPLICIT_RETAIN_SELF = YES;
				CLANG_WARN_OBJC_LITERAL_CONVERSION = YES;
				CLANG_WARN_OBJC_ROOT_CLASS = YES_ERROR;
				CLANG_WARN_QUOTED_INCLUDE_IN_FRAMEWORK_HEADER = YES;
				CLANG_WARN_RANGE_LOOP_ANALYSIS = YES;
				CLANG_WARN_STRICT_PROTOTYPES = YES;
				CLANG_WARN_SUSPICIOUS_MOVE = YES;
				CLANG_WARN_UNGUARDED_AVAILABILITY = YES_AGGRESSIVE;
				CLANG_WARN_UNREACHABLE_CODE = YES;
				CLANG_WARN__DUPLICATE_METHOD_MATCH = YES;
				COPY_PHASE_STRIP = NO;
				DEBUG_INFORMATION_FORMAT = dwarf;
				ENABLE_STRICT_OBJC_MSGSEND = YES;
				ENABLE_TESTABILITY = YES;
				GCC_C_LANGUAGE_STANDARD = gnu11;
				GCC_DYNAMIC_NO_PIC = NO;
				GCC_NO_COMMON_BLOCKS = YES;
				GCC_OPTIMIZATION_LEVEL = 0;
				GCC_PREPROCESSOR_DEFINITIONS = (
					"DEBUG=1",
					"$(inherited)",
				);
				GCC_WARN_64_TO_32_BIT_CONVERSION = YES;
				GCC_WARN_ABOUT_RETURN_TYPE = YES_ERROR;
				GCC_WARN_UNDECLARED_SELECTOR = YES;
				GCC_WARN_UNINITIALIZED_AUTOS = YES_AGGRESSIVE;
				GCC_WARN_UNUSED_FUNCTION = YES;
				GCC_WARN_UNUSED_VARIABLE = YES;
				IPHONEOS_DEPLOYMENT_TARGET = 15.0;
				MTL_ENABLE_DEBUG_INFO = INCLUDE_SOURCE;
				MTL_FAST_MATH = YES;
				ONLY_ACTIVE_ARCH = YES;
				SDKROOT = iphoneos;
				SWIFT_ACTIVE_COMPILATION_CONDITIONS = DEBUG;
				SWIFT_OPTIMIZATION_LEVEL = "-Onone";
			};
			name = Debug;
		};
		D9FFFA89270E5DBE002CBDA4 /* Release */ = {
			isa = XCBuildConfiguration;
			buildSettings = {
				ALWAYS_SEARCH_USER_PATHS = NO;
				CLANG_ANALYZER_NONNULL = YES;
				CLANG_ANALYZER_NUMBER_OBJECT_CONVERSION = YES_AGGRESSIVE;
				CLANG_CXX_LANGUAGE_STANDARD = "gnu++17";
				CLANG_CXX_LIBRARY = "libc++";
				CLANG_ENABLE_MODULES = YES;
				CLANG_ENABLE_OBJC_ARC = YES;
				CLANG_ENABLE_OBJC_WEAK = YES;
				CLANG_WARN_BLOCK_CAPTURE_AUTORELEASING = YES;
				CLANG_WARN_BOOL_CONVERSION = YES;
				CLANG_WARN_COMMA = YES;
				CLANG_WARN_CONSTANT_CONVERSION = YES;
				CLANG_WARN_DEPRECATED_OBJC_IMPLEMENTATIONS = YES;
				CLANG_WARN_DIRECT_OBJC_ISA_USAGE = YES_ERROR;
				CLANG_WARN_DOCUMENTATION_COMMENTS = YES;
				CLANG_WARN_EMPTY_BODY = YES;
				CLANG_WARN_ENUM_CONVERSION = YES;
				CLANG_WARN_INFINITE_RECURSION = YES;
				CLANG_WARN_INT_CONVERSION = YES;
				CLANG_WARN_NON_LITERAL_NULL_CONVERSION = YES;
				CLANG_WARN_OBJC_IMPLICIT_RETAIN_SELF = YES;
				CLANG_WARN_OBJC_LITERAL_CONVERSION = YES;
				CLANG_WARN_OBJC_ROOT_CLASS = YES_ERROR;
				CLANG_WARN_QUOTED_INCLUDE_IN_FRAMEWORK_HEADER = YES;
				CLANG_WARN_RANGE_LOOP_ANALYSIS = YES;
				CLANG_WARN_STRICT_PROTOTYPES = YES;
				CLANG_WARN_SUSPICIOUS_MOVE = YES;
				CLANG_WARN_UNGUARDED_AVAILABILITY = YES_AGGRESSIVE;
				CLANG_WARN_UNREACHABLE_CODE = YES;
				CLANG_WARN__DUPLICATE_METHOD_MATCH = YES;
				COPY_PHASE_STRIP = NO;
				DEBUG_INFORMATION_FORMAT = "dwarf-with-dsym";
				ENABLE_NS_ASSERTIONS = NO;
				ENABLE_STRICT_OBJC_MSGSEND = YES;
				GCC_C_LANGUAGE_STANDARD = gnu11;
				GCC_NO_COMMON_BLOCKS = YES;
				GCC_WARN_64_TO_32_BIT_CONVERSION = YES;
				GCC_WARN_ABOUT_RETURN_TYPE = YES_ERROR;
				GCC_WARN_UNDECLARED_SELECTOR = YES;
				GCC_WARN_UNINITIALIZED_AUTOS = YES_AGGRESSIVE;
				GCC_WARN_UNUSED_FUNCTION = YES;
				GCC_WARN_UNUSED_VARIABLE = YES;
				IPHONEOS_DEPLOYMENT_TARGET = 15.0;
				MTL_ENABLE_DEBUG_INFO = NO;
				MTL_FAST_MATH = YES;
				SDKROOT = iphoneos;
				SWIFT_COMPILATION_MODE = wholemodule;
				SWIFT_OPTIMIZATION_LEVEL = "-O";
				VALIDATE_PRODUCT = YES;
			};
			name = Release;
		};
		D9FFFA8B270E5DBE002CBDA4 /* Debug */ = {
			isa = XCBuildConfiguration;
			buildSettings = {
				ASSETCATALOG_COMPILER_APPICON_NAME = AppIcon;
				ASSETCATALOG_COMPILER_GLOBAL_ACCENT_COLOR_NAME = AccentColor;
				CODE_SIGN_STYLE = Automatic;
				CURRENT_PROJECT_VERSION = 1;
				GENERATE_INFOPLIST_FILE = YES;
				INFOPLIST_FILE = Instagram/Info.plist;
				INFOPLIST_KEY_UIApplicationSupportsIndirectInputEvents = YES;
				INFOPLIST_KEY_UILaunchStoryboardName = LaunchScreen;
				INFOPLIST_KEY_UIMainStoryboardFile = Main;
				INFOPLIST_KEY_UISupportedInterfaceOrientations_iPad = "UIInterfaceOrientationPortrait UIInterfaceOrientationPortraitUpsideDown UIInterfaceOrientationLandscapeLeft UIInterfaceOrientationLandscapeRight";
				INFOPLIST_KEY_UISupportedInterfaceOrientations_iPhone = "UIInterfaceOrientationPortrait UIInterfaceOrientationLandscapeLeft UIInterfaceOrientationLandscapeRight";
				LD_RUNPATH_SEARCH_PATHS = (
					"$(inherited)",
					"@executable_path/Frameworks",
				);
				MARKETING_VERSION = 1.0;
				PRODUCT_BUNDLE_IDENTIFIER = CynthiaG.Instagram;
				PRODUCT_NAME = "$(TARGET_NAME)";
				SWIFT_EMIT_LOC_STRINGS = YES;
				SWIFT_VERSION = 5.0;
				TARGETED_DEVICE_FAMILY = "1,2";
			};
			name = Debug;
		};
		D9FFFA8C270E5DBE002CBDA4 /* Release */ = {
			isa = XCBuildConfiguration;
			buildSettings = {
				ASSETCATALOG_COMPILER_APPICON_NAME = AppIcon;
				ASSETCATALOG_COMPILER_GLOBAL_ACCENT_COLOR_NAME = AccentColor;
				CODE_SIGN_STYLE = Automatic;
				CURRENT_PROJECT_VERSION = 1;
				GENERATE_INFOPLIST_FILE = YES;
				INFOPLIST_FILE = Instagram/Info.plist;
				INFOPLIST_KEY_UIApplicationSupportsIndirectInputEvents = YES;
				INFOPLIST_KEY_UILaunchStoryboardName = LaunchScreen;
				INFOPLIST_KEY_UIMainStoryboardFile = Main;
				INFOPLIST_KEY_UISupportedInterfaceOrientations_iPad = "UIInterfaceOrientationPortrait UIInterfaceOrientationPortraitUpsideDown UIInterfaceOrientationLandscapeLeft UIInterfaceOrientationLandscapeRight";
				INFOPLIST_KEY_UISupportedInterfaceOrientations_iPhone = "UIInterfaceOrientationPortrait UIInterfaceOrientationLandscapeLeft UIInterfaceOrientationLandscapeRight";
				LD_RUNPATH_SEARCH_PATHS = (
					"$(inherited)",
					"@executable_path/Frameworks",
				);
				MARKETING_VERSION = 1.0;
				PRODUCT_BUNDLE_IDENTIFIER = CynthiaG.Instagram;
				PRODUCT_NAME = "$(TARGET_NAME)";
				SWIFT_EMIT_LOC_STRINGS = YES;
				SWIFT_VERSION = 5.0;
				TARGETED_DEVICE_FAMILY = "1,2";
			};
			name = Release;
		};
		D9FFFA8E270E5DBE002CBDA4 /* Debug */ = {
			isa = XCBuildConfiguration;
			buildSettings = {
				ALWAYS_EMBED_SWIFT_STANDARD_LIBRARIES = YES;
				BUNDLE_LOADER = "$(TEST_HOST)";
				CODE_SIGN_STYLE = Automatic;
				CURRENT_PROJECT_VERSION = 1;
				GENERATE_INFOPLIST_FILE = YES;
				IPHONEOS_DEPLOYMENT_TARGET = 15.0;
				LD_RUNPATH_SEARCH_PATHS = (
					"$(inherited)",
					"@executable_path/Frameworks",
					"@loader_path/Frameworks",
				);
				MARKETING_VERSION = 1.0;
				PRODUCT_BUNDLE_IDENTIFIER = CynthiaG.InstagramTests;
				PRODUCT_NAME = "$(TARGET_NAME)";
				SWIFT_EMIT_LOC_STRINGS = NO;
				SWIFT_VERSION = 5.0;
				TARGETED_DEVICE_FAMILY = "1,2";
				TEST_HOST = "$(BUILT_PRODUCTS_DIR)/Instagram.app/Instagram";
			};
			name = Debug;
		};
		D9FFFA8F270E5DBE002CBDA4 /* Release */ = {
			isa = XCBuildConfiguration;
			buildSettings = {
				ALWAYS_EMBED_SWIFT_STANDARD_LIBRARIES = YES;
				BUNDLE_LOADER = "$(TEST_HOST)";
				CODE_SIGN_STYLE = Automatic;
				CURRENT_PROJECT_VERSION = 1;
				GENERATE_INFOPLIST_FILE = YES;
				IPHONEOS_DEPLOYMENT_TARGET = 15.0;
				LD_RUNPATH_SEARCH_PATHS = (
					"$(inherited)",
					"@executable_path/Frameworks",
					"@loader_path/Frameworks",
				);
				MARKETING_VERSION = 1.0;
				PRODUCT_BUNDLE_IDENTIFIER = CynthiaG.InstagramTests;
				PRODUCT_NAME = "$(TARGET_NAME)";
				SWIFT_EMIT_LOC_STRINGS = NO;
				SWIFT_VERSION = 5.0;
				TARGETED_DEVICE_FAMILY = "1,2";
				TEST_HOST = "$(BUILT_PRODUCTS_DIR)/Instagram.app/Instagram";
			};
			name = Release;
		};
		D9FFFA91270E5DBE002CBDA4 /* Debug */ = {
			isa = XCBuildConfiguration;
			buildSettings = {
				ALWAYS_EMBED_SWIFT_STANDARD_LIBRARIES = YES;
				CODE_SIGN_STYLE = Automatic;
				CURRENT_PROJECT_VERSION = 1;
				GENERATE_INFOPLIST_FILE = YES;
				LD_RUNPATH_SEARCH_PATHS = (
					"$(inherited)",
					"@executable_path/Frameworks",
					"@loader_path/Frameworks",
				);
				MARKETING_VERSION = 1.0;
				PRODUCT_BUNDLE_IDENTIFIER = CynthiaG.InstagramUITests;
				PRODUCT_NAME = "$(TARGET_NAME)";
				SWIFT_EMIT_LOC_STRINGS = NO;
				SWIFT_VERSION = 5.0;
				TARGETED_DEVICE_FAMILY = "1,2";
				TEST_TARGET_NAME = Instagram;
			};
			name = Debug;
		};
		D9FFFA92270E5DBE002CBDA4 /* Release */ = {
			isa = XCBuildConfiguration;
			buildSettings = {
				ALWAYS_EMBED_SWIFT_STANDARD_LIBRARIES = YES;
				CODE_SIGN_STYLE = Automatic;
				CURRENT_PROJECT_VERSION = 1;
				GENERATE_INFOPLIST_FILE = YES;
				LD_RUNPATH_SEARCH_PATHS = (
					"$(inherited)",
					"@executable_path/Frameworks",
					"@loader_path/Frameworks",
				);
				MARKETING_VERSION = 1.0;
				PRODUCT_BUNDLE_IDENTIFIER = CynthiaG.InstagramUITests;
				PRODUCT_NAME = "$(TARGET_NAME)";
				SWIFT_EMIT_LOC_STRINGS = NO;
				SWIFT_VERSION = 5.0;
				TARGETED_DEVICE_FAMILY = "1,2";
				TEST_TARGET_NAME = Instagram;
			};
			name = Release;
		};
/* End XCBuildConfiguration section */

/* Begin XCConfigurationList section */
		D9FFFA5B270E5DB9002CBDA4 /* Build configuration list for PBXProject "Instagram" */ = {
			isa = XCConfigurationList;
			buildConfigurations = (
				D9FFFA88270E5DBE002CBDA4 /* Debug */,
				D9FFFA89270E5DBE002CBDA4 /* Release */,
			);
			defaultConfigurationIsVisible = 0;
			defaultConfigurationName = Release;
		};
		D9FFFA8A270E5DBE002CBDA4 /* Build configuration list for PBXNativeTarget "Instagram" */ = {
			isa = XCConfigurationList;
			buildConfigurations = (
				D9FFFA8B270E5DBE002CBDA4 /* Debug */,
				D9FFFA8C270E5DBE002CBDA4 /* Release */,
			);
			defaultConfigurationIsVisible = 0;
			defaultConfigurationName = Release;
		};
		D9FFFA8D270E5DBE002CBDA4 /* Build configuration list for PBXNativeTarget "InstagramTests" */ = {
			isa = XCConfigurationList;
			buildConfigurations = (
				D9FFFA8E270E5DBE002CBDA4 /* Debug */,
				D9FFFA8F270E5DBE002CBDA4 /* Release */,
			);
			defaultConfigurationIsVisible = 0;
			defaultConfigurationName = Release;
		};
		D9FFFA90270E5DBE002CBDA4 /* Build configuration list for PBXNativeTarget "InstagramUITests" */ = {
			isa = XCConfigurationList;
			buildConfigurations = (
				D9FFFA91270E5DBE002CBDA4 /* Debug */,
				D9FFFA92270E5DBE002CBDA4 /* Release */,
			);
			defaultConfigurationIsVisible = 0;
			defaultConfigurationName = Release;
		};
/* End XCConfigurationList section */
	};
	rootObject = D9FFFA58270E5DB9002CBDA4 /* Project object */;
}
